
Microsoft Visual Studio Solution File, Format Version 12.00
# Visual Studio Version 16
VisualStudioVersion = 16.0.33801.447
MinimumVisualStudioVersion = 10.0.40219.1
Project("{FAE04EC0-301F-11D3-BF4B-00C04F79EFBC}") = "PrePaymentWorkFlow", "PrePaymentWorkFlow\PrePaymentWorkFlow.csproj", "{91A13825-8347-4815-972B-E10B713883CE}"
EndProject
Global
	GlobalSection(SolutionConfigurationPlatforms) = preSolution
		Debug|Any CPU = Debug|Any CPU
		Release|Any CPU = Release|Any CPU
	EndGlobalSection
	GlobalSection(ProjectConfigurationPlatforms) = postSolution
		{91A13825-8347-4815-972B-E10B713883CE}.Debug|Any CPU.ActiveCfg = Debug|Any CPU
		{91A13825-8347-4815-972B-E10B713883CE}.Debug|Any CPU.Build.0 = Debug|Any CPU
		{91A13825-8347-4815-972B-E10B713883CE}.Release|Any CPU.ActiveCfg = Release|Any CPU
		{91A13825-8347-4815-972B-E10B713883CE}.Release|Any CPU.Build.0 = Release|Any CPU
	EndGlobalSection
	GlobalSection(SolutionProperties) = preSolution
		HideSolutionNode = FALSE
	EndGlobalSection
	GlobalSection(ExtensibilityGlobals) = postSolution
		SolutionGuid = {E2DF3F2F-C880-4487-A4F7-6B6333F9FD47}
	EndGlobalSection
EndGlobal
