
Microsoft Visual Studio Solution File, Format Version 12.00
# Visual Studio Version 16
VisualStudioVersion = 16.0.33801.447
MinimumVisualStudioVersion = 10.0.40219.1
Project("{FAE04EC0-301F-11D3-BF4B-00C04F79EFBC}") = "ExcelFileReader", "ExcelFileReader\ExcelFileReader.csproj", "{BD5ADA15-DB83-4FF6-9811-6A28B6827CF4}"
EndProject
Global
	GlobalSection(SolutionConfigurationPlatforms) = preSolution
		Debug|Any CPU = Debug|Any CPU
		Release|Any CPU = Release|Any CPU
	EndGlobalSection
	GlobalSection(ProjectConfigurationPlatforms) = postSolution
		{BD5ADA15-DB83-4FF6-9811-6A28B6827CF4}.Debug|Any CPU.ActiveCfg = Debug|Any CPU
		{BD5ADA15-DB83-4FF6-9811-6A28B6827CF4}.Debug|Any CPU.Build.0 = Debug|Any CPU
		{BD5ADA15-DB83-4FF6-9811-6A28B6827CF4}.Release|Any CPU.ActiveCfg = Release|Any CPU
		{BD5ADA15-DB83-4FF6-9811-6A28B6827CF4}.Release|Any CPU.Build.0 = Release|Any CPU
	EndGlobalSection
	GlobalSection(SolutionProperties) = preSolution
		HideSolutionNode = FALSE
	EndGlobalSection
	GlobalSection(ExtensibilityGlobals) = postSolution
		SolutionGuid = {FF2A4C25-EEBB-4A2F-AF92-421DE16D814E}
	EndGlobalSection
EndGlobal
